{
  "version": 4,
  "terraform_version": "1.3.7",
  "serial": 23,
  "lineage": "9fd20b3d-b36e-c1b8-9d62-7852f8ab52d1",
  "outputs": {},
  "resources": [
    {
      "mode": "managed",
      "type": "aws_s3_bucket",
      "name": "b",
      "provider": "provider[\"registry.terraform.io/hashicorp/aws\"]",
      "instances": [
        {
          "schema_version": 0,
          "attributes": {
            "acceleration_status": "",
            "acl": "private",
            "arn": "arn:aws:s3:::luxxy-covid-testing-system-pdf-en-bw22",
            "bucket": "luxxy-covid-testing-system-pdf-en-bw22",
            "bucket_domain_name": "luxxy-covid-testing-system-pdf-en-bw22.s3.amazonaws.com",
            "bucket_prefix": null,
            "bucket_regional_domain_name": "luxxy-covid-testing-system-pdf-en-bw22.s3.amazonaws.com",
            "cors_rule": [],
            "force_destroy": false,
            "grant": [],
            "hosted_zone_id": "Z3AQBSTGFYJSTF",
            "id": "luxxy-covid-testing-system-pdf-en-bw22",
            "lifecycle_rule": [],
            "logging": [],
            "object_lock_configuration": [],
            "object_lock_enabled": false,
            "policy": null,
            "region": "us-east-1",
            "replication_configuration": [],
            "request_payer": "BucketOwner",
            "server_side_encryption_configuration": [],
            "tags": null,
            "tags_all": {},
            "versioning": [
              {
                "enabled": false,
                "mfa_delete": false
              }
            ],
            "website": [],
            "website_domain": null,
            "website_endpoint": null
          },
          "sensitive_attributes": [],
          "private": "bnVsbA=="
        }
      ]
    },
    {
      "mode": "managed",
      "type": "aws_s3_bucket_acl",
      "name": "c",
      "provider": "provider[\"registry.terraform.io/hashicorp/aws\"]",
      "instances": [
        {
          "schema_version": 0,
          "attributes": {
            "access_control_policy": [
              {
                "grant": [
                  {
                    "grantee": [
                      {
                        "display_name": "briwhee16",
                        "email_address": "",
                        "id": "13945634515fd755cb1fa0886938f91dd6e729659d6d833db84b1839967312c7",
                        "type": "CanonicalUser",
                        "uri": ""
                      }
                    ],
                    "permission": "FULL_CONTROL"
                  }
                ],
                "owner": [
                  {
                    "display_name": "briwhee16",
                    "id": "13945634515fd755cb1fa0886938f91dd6e729659d6d833db84b1839967312c7"
                  }
                ]
              }
            ],
            "acl": "private",
            "bucket": "luxxy-covid-testing-system-pdf-en-bw22",
            "expected_bucket_owner": "",
            "id": "luxxy-covid-testing-system-pdf-en-bw22,private"
          },
          "sensitive_attributes": [],
          "private": "bnVsbA==",
          "dependencies": [
            "aws_s3_bucket.b"
          ]
        }
      ]
    },
    {
      "mode": "managed",
      "type": "google_container_cluster",
      "name": "primary",
      "provider": "provider[\"registry.terraform.io/hashicorp/google\"]",
      "instances": [
        {
          "schema_version": 1,
          "attributes": {
            "addons_config": [
              {
                "cloudrun_config": [],
                "config_connector_config": [],
                "dns_cache_config": [
                  {
                    "enabled": true
                  }
                ],
                "gce_persistent_disk_csi_driver_config": [
                  {
                    "enabled": true
                  }
                ],
                "gcp_filestore_csi_driver_config": [
                  {
                    "enabled": true
                  }
                ],
                "gke_backup_agent_config": [],
                "horizontal_pod_autoscaling": [],
                "http_load_balancing": [],
                "network_policy_config": [
                  {
                    "disabled": true
                  }
                ]
              }
            ],
            "authenticator_groups_config": [],
            "binary_authorization": [
              {
                "enabled": false,
                "evaluation_mode": ""
              }
            ],
            "cluster_autoscaling": [
              {
                "auto_provisioning_defaults": [
                  {
                    "boot_disk_kms_key": "",
                    "disk_size": 0,
                    "disk_type": "",
                    "image_type": "COS_CONTAINERD",
                    "management": [
                      {
                        "auto_repair": true,
                        "auto_upgrade": true,
                        "upgrade_options": []
                      }
                    ],
                    "min_cpu_platform": "",
                    "oauth_scopes": [
                      "https://www.googleapis.com/auth/devstorage.read_only",
                      "https://www.googleapis.com/auth/logging.write",
                      "https://www.googleapis.com/auth/monitoring",
                      "https://www.googleapis.com/auth/service.management.readonly",
                      "https://www.googleapis.com/auth/servicecontrol",
                      "https://www.googleapis.com/auth/trace.append"
                    ],
                    "service_account": "default",
                    "shielded_instance_config": [],
                    "upgrade_settings": [
                      {
                        "blue_green_settings": [],
                        "max_surge": 1,
                        "max_unavailable": 0,
                        "strategy": "SURGE"
                      }
                    ]
                  }
                ],
                "enabled": true,
                "resource_limits": [
                  {
                    "maximum": 1000000000,
                    "minimum": 0,
                    "resource_type": "cpu"
                  },
                  {
                    "maximum": 1000000000,
                    "minimum": 0,
                    "resource_type": "memory"
                  },
                  {
                    "maximum": 1000000000,
                    "minimum": 0,
                    "resource_type": "nvidia-tesla-t4"
                  },
                  {
                    "maximum": 1000000000,
                    "minimum": 0,
                    "resource_type": "nvidia-tesla-a100"
                  }
                ]
              }
            ],
            "cluster_ipv4_cidr": "10.25.128.0/17",
            "confidential_nodes": [],
            "cost_management_config": [],
            "database_encryption": [
              {
                "key_name": "",
                "state": "DECRYPTED"
              }
            ],
            "datapath_provider": "ADVANCED_DATAPATH",
            "default_max_pods_per_node": 110,
            "default_snat_status": [
              {
                "disabled": false
              }
            ],
            "description": "",
            "dns_config": [],
            "enable_autopilot": true,
            "enable_binary_authorization": false,
            "enable_intranode_visibility": true,
            "enable_kubernetes_alpha": false,
            "enable_l4_ilb_subsetting": false,
            "enable_legacy_abac": false,
            "enable_shielded_nodes": true,
            "enable_tpu": false,
            "endpoint": "34.150.225.90",
            "gateway_api_config": [],
            "id": "projects/artful-patrol-377201/locations/us-east4/clusters/luxxy-kubernetes-cluster-en",
            "initial_node_count": 1,
            "ip_allocation_policy": [
              {
                "cluster_ipv4_cidr_block": "10.25.128.0/17",
                "cluster_secondary_range_name": "gke-luxxy-kubernetes-cluster-en-pods-4dc96e5a",
                "services_ipv4_cidr_block": "10.26.0.0/22",
                "services_secondary_range_name": "gke-luxxy-kubernetes-cluster-en-services-4dc96e5a"
              }
            ],
            "label_fingerprint": "a9dc16a7",
            "location": "us-east4",
            "logging_config": [
              {
                "enable_components": [
                  "SYSTEM_COMPONENTS",
                  "WORKLOADS"
                ]
              }
            ],
            "logging_service": "logging.googleapis.com/kubernetes",
            "maintenance_policy": [],
            "master_auth": [
              {
                "client_certificate": "",
                "client_certificate_config": [
                  {
                    "issue_client_certificate": false
                  }
                ],
                "client_key": "",
                "cluster_ca_certificate": "LS0tLS1CRUdJTiBDRVJUSUZJQ0FURS0tLS0tCk1JSUVMRENDQXBTZ0F3SUJBZ0lRYjYyUVVuU3hiMkIwejFSQ1ZKWE1sekFOQmdrcWhraUc5dzBCQVFzRkFEQXYKTVMwd0t3WURWUVFERXlRMk1UVmtPRFk1WVMwNU5tWTVMVFExTkRNdFlUSTFOQzFpTlRoak5EY3haVFV3TldJdwpJQmNOTWpNd01qRXdNREkwTWpFNFdoZ1BNakExTXpBeU1ESXdNelF5TVRoYU1DOHhMVEFyQmdOVkJBTVRKRFl4Ck5XUTROamxoTFRrMlpqa3RORFUwTXkxaE1qVTBMV0kxT0dNME56RmxOVEExWWpDQ0FhSXdEUVlKS29aSWh2Y04KQVFFQkJRQURnZ0dQQURDQ0FZb0NnZ0dCQUlWL1luSmoxOVg3NFEzT0JJQ2lHSzcrOUJIbXBKYmJxbXU4Sm9KYwpHTkpZNU5WNTNZSFh2ZGErbThuSHhhTG5FejJJYTBKanFKN3FtY2cwR1JydUN3UXJ0MVJKbzZmY2d5YzlHc2x4CnExWVBQNWVvMTFvVW5tY3QyMkFORGJ1cGhFMEYyckJ0YkdHSkhhclRZSDhxUE5oZm5yRFVMNDFSOWd5SFRlNGEKSXdOS05sczhITVQrLzhoMWNaVFBiZnlSWUxyZ1BHOEE3UFNCUWhDalBHYWwxU1dxTXFwbHFNS0F4dEJ5aG9UbgorVndNR1M1L3VqY2ZrOHJPd2dFVkJpRVNGR1A0SWtrcno3YW4xd2dDYnBESHFITFNWOTBTN3YzcTJDUXhGRWpTClRYTUlLMHpPMkJKclJjcERHRGxOTmFHTXNOU0k0elNRdHJidi91RmVDNDNkRG9VWWVwM2JpMWJ1eG9CK2VsQ2oKNHorWjZlaXhDTTBzbFhXbDFWUmYyaXpEVFUwSjNjQlNSS0MvYzB3Ym5LMmlzVlJZS2RqZEd6cHh0SjQ2eHFvdApaUVVXa2JxWUFlVytxM0l2Wk43RlJHTGtyV29rNk5ZVFZyeE1uNnRTdi92SGk2U2ZxMjdGTDRzT2w2VmpVRmZRCjMzNmhGbjU0cTJubURMalBTWUhMYnFIMjRRSURBUUFCbzBJd1FEQU9CZ05WSFE4QkFmOEVCQU1DQWdRd0R3WUQKVlIwVEFRSC9CQVV3QXdFQi96QWRCZ05WSFE0RUZnUVUxVnY5OEdhQ0ZTR0FkcXJVd2tiT0FxZ0tNZVl3RFFZSgpLb1pJaHZjTkFRRUxCUUFEZ2dHQkFHSURRK1NQS1VuMXBWVFR5RElVSFlDQXpEQTdWUnV3Mnljd3NNbFlmZVNWCjhPN25yQmoxcWZuM3QwZXM0SXZ5MWpNUk1iTHJqbnlGeVFhazZzR3F5SWFRU3NNaHRGVGVYczlsNjVRdmZQRkIKV1UzdmwvbHhYUjJkTG9QZDlVN2JPRU9iYXRqNFp5dzNOdmVvVFQ5Qkh6cEcyN1RXYjRYN2luQkM2MmNVc3UxZgpsUnFQbndLNElMY3dhS0U1VktQWGJ2akJPME14OFdzU2lmbjlPOXBJblREVTZtdGo4Sm1qeVdZeVhaQlZKSGNYCjlpQm9iK3crUUZ1TVJNOE1PZHh4ZU1GLy93N0pSalZMcGZQM1lRS0w3TlRhNy9xYlNUODkxbk1JdUNraTk0VkQKRDRJRGJNcDZ3c0RLMU5UZ0k4RnNqKzFEbTFONlFLVGtzS0hyWDF6U01Zazl0Q2g0VHI4bmkvakJyYVRNZWR1cwpzZEdqWkdmVkVPWTNjeWNuZ2RESVZvZ2c0dld4a3UzNDJuOUlIaXgvK0x2UDE5Qk9ncTRWNnR3bmQxbGpNYkVpCkUxdUx1YU5jNGhBa1FGbGMxVXNFbVRVQ25scURIaXk1Z3VtdWp1aTlWcHUydFo0M2FsVlpiWWswOWhQL1F4WEUKaC9GcEpobEZyOHEyTHE4YnYyZGdOQT09Ci0tLS0tRU5EIENFUlRJRklDQVRFLS0tLS0K"
              }
            ],
            "master_authorized_networks_config": [],
            "master_version": "1.24.8-gke.2000",
            "mesh_certificates": [],
            "min_master_version": null,
            "monitoring_config": [
              {
                "enable_components": [
                  "SYSTEM_COMPONENTS"
                ],
                "managed_prometheus": []
              }
            ],
            "monitoring_service": "monitoring.googleapis.com/kubernetes",
            "name": "luxxy-kubernetes-cluster-en",
            "network": "projects/artful-patrol-377201/global/networks/default",
            "network_policy": [
              {
                "enabled": false,
                "provider": "PROVIDER_UNSPECIFIED"
              }
            ],
            "networking_mode": "VPC_NATIVE",
            "node_config": [
              {
                "boot_disk_kms_key": "",
                "disk_size_gb": 100,
                "disk_type": "pd-standard",
                "gcfs_config": [],
                "guest_accelerator": [],
                "gvnic": [],
                "image_type": "COS_CONTAINERD",
                "kubelet_config": [],
                "labels": {},
                "linux_node_config": [],
                "local_ssd_count": 0,
                "logging_variant": "DEFAULT",
                "machine_type": "e2-medium",
                "metadata": {
                  "disable-legacy-endpoints": "true"
                },
                "min_cpu_platform": "",
                "node_group": "",
                "oauth_scopes": [
                  "https://www.googleapis.com/auth/cloud-platform"
                ],
                "preemptible": false,
                "reservation_affinity": [],
                "resource_labels": null,
                "service_account": "default",
                "shielded_instance_config": [
                  {
                    "enable_integrity_monitoring": true,
                    "enable_secure_boot": true
                  }
                ],
                "spot": false,
                "tags": [],
                "taint": [],
                "workload_metadata_config": [
                  {
                    "mode": "GKE_METADATA"
                  }
                ]
              }
            ],
            "node_locations": [
              "us-east4-a",
              "us-east4-b",
              "us-east4-c"
            ],
            "node_pool": [
              {
                "autoscaling": [
                  {
                    "location_policy": "BALANCED",
                    "max_node_count": 1000,
                    "min_node_count": 0,
                    "total_max_node_count": 0,
                    "total_min_node_count": 0
                  }
                ],
                "initial_node_count": 1,
                "instance_group_urls": [],
                "managed_instance_group_urls": [],
                "management": [
                  {
                    "auto_repair": true,
                    "auto_upgrade": true
                  }
                ],
                "max_pods_per_node": 32,
                "name": "default-pool",
                "name_prefix": "",
                "network_config": [
                  {
                    "create_pod_range": false,
                    "enable_private_nodes": false,
                    "pod_ipv4_cidr_block": "10.25.128.0/17",
                    "pod_range": "gke-luxxy-kubernetes-cluster-en-pods-4dc96e5a"
                  }
                ],
                "node_config": [
                  {
                    "boot_disk_kms_key": "",
                    "disk_size_gb": 100,
                    "disk_type": "pd-standard",
                    "gcfs_config": [],
                    "guest_accelerator": [],
                    "gvnic": [],
                    "image_type": "COS_CONTAINERD",
                    "kubelet_config": [],
                    "labels": {},
                    "linux_node_config": [],
                    "local_ssd_count": 0,
                    "logging_variant": "DEFAULT",
                    "machine_type": "e2-medium",
                    "metadata": {
                      "disable-legacy-endpoints": "true"
                    },
                    "min_cpu_platform": "",
                    "node_group": "",
                    "oauth_scopes": [
                      "https://www.googleapis.com/auth/devstorage.read_only",
                      "https://www.googleapis.com/auth/logging.write",
                      "https://www.googleapis.com/auth/monitoring",
                      "https://www.googleapis.com/auth/service.management.readonly",
                      "https://www.googleapis.com/auth/servicecontrol",
                      "https://www.googleapis.com/auth/trace.append"
                    ],
                    "preemptible": false,
                    "reservation_affinity": [],
                    "resource_labels": {},
                    "service_account": "default",
                    "shielded_instance_config": [
                      {
                        "enable_integrity_monitoring": true,
                        "enable_secure_boot": true
                      }
                    ],
                    "spot": false,
                    "tags": [],
                    "taint": [],
                    "workload_metadata_config": [
                      {
                        "mode": "GKE_METADATA"
                      }
                    ]
                  }
                ],
                "node_count": 0,
                "node_locations": [
                  "us-east4-a",
                  "us-east4-b"
                ],
                "placement_policy": [],
                "upgrade_settings": [
                  {
                    "blue_green_settings": [],
                    "max_surge": 1,
                    "max_unavailable": 0,
                    "strategy": "SURGE"
                  }
                ],
                "version": "1.24.8-gke.2000"
              }
            ],
            "node_pool_defaults": [
              {
                "node_config_defaults": [
                  {
                    "logging_variant": "DEFAULT"
                  }
                ]
              }
            ],
            "node_version": "1.24.8-gke.2000",
            "notification_config": [
              {
                "pubsub": [
                  {
                    "enabled": false,
                    "filter": [],
                    "topic": ""
                  }
                ]
              }
            ],
            "operation": null,
            "private_cluster_config": [
              {
                "enable_private_endpoint": false,
                "enable_private_nodes": false,
                "master_global_access_config": [
                  {
                    "enabled": false
                  }
                ],
                "master_ipv4_cidr_block": "",
                "peering_name": "",
                "private_endpoint": "10.150.0.9",
                "private_endpoint_subnetwork": "",
                "public_endpoint": "34.150.225.90"
              }
            ],
            "private_ipv6_google_access": "",
            "project": "artful-patrol-377201",
            "release_channel": [
              {
                "channel": "REGULAR"
              }
            ],
            "remove_default_node_pool": null,
            "resource_labels": null,
            "resource_usage_export_config": [],
            "self_link": "https://container.googleapis.com/v1/projects/artful-patrol-377201/locations/us-east4/clusters/luxxy-kubernetes-cluster-en",
            "service_external_ips_config": [
              {
                "enabled": false
              }
            ],
            "services_ipv4_cidr": "10.26.0.0/22",
            "subnetwork": "projects/artful-patrol-377201/regions/us-east4/subnetworks/default",
            "timeouts": {
              "create": "30m",
              "delete": null,
              "read": null,
              "update": "40m"
            },
            "tpu_ipv4_cidr_block": "",
            "vertical_pod_autoscaling": [
              {
                "enabled": true
              }
            ],
            "workload_identity_config": [
              {
                "workload_pool": "artful-patrol-377201.svc.id.goog"
              }
            ]
          },
          "sensitive_attributes": [],
          "private": "eyJlMmJmYjczMC1lY2FhLTExZTYtOGY4OC0zNDM2M2JjN2M0YzAiOnsiY3JlYXRlIjoxODAwMDAwMDAwMDAwLCJkZWxldGUiOjI0MDAwMDAwMDAwMDAsInJlYWQiOjI0MDAwMDAwMDAwMDAsInVwZGF0ZSI6MjQwMDAwMDAwMDAwMH0sInNjaGVtYV92ZXJzaW9uIjoiMSJ9"
        }
      ]
    },
    {
      "mode": "managed",
      "type": "google_sql_database",
      "name": "database",
      "provider": "provider[\"registry.terraform.io/hashicorp/google\"]",
      "instances": [
        {
          "schema_version": 0,
          "attributes": {
            "charset": "utf8",
            "collation": "utf8_general_ci",
            "deletion_policy": "DELETE",
            "id": "projects/artful-patrol-377201/instances/luxxy-covid-testing-system-database-instance-en/databases/dbcovidtesting",
            "instance": "luxxy-covid-testing-system-database-instance-en",
            "name": "dbcovidtesting",
            "project": "artful-patrol-377201",
            "self_link": "https://sqladmin.googleapis.com/sql/v1beta4/projects/artful-patrol-377201/instances/luxxy-covid-testing-system-database-instance-en/databases/dbcovidtesting",
            "timeouts": null
          },
          "sensitive_attributes": [],
          "private": "eyJlMmJmYjczMC1lY2FhLTExZTYtOGY4OC0zNDM2M2JjN2M0YzAiOnsiY3JlYXRlIjoxMjAwMDAwMDAwMDAwLCJkZWxldGUiOjEyMDAwMDAwMDAwMDAsInVwZGF0ZSI6MTIwMDAwMDAwMDAwMH19",
          "dependencies": [
            "google_sql_database_instance.instance"
          ]
        }
      ]
    },
    {
      "mode": "managed",
      "type": "google_sql_database_instance",
      "name": "instance",
      "provider": "provider[\"registry.terraform.io/hashicorp/google\"]",
      "instances": [
        {
          "schema_version": 0,
          "attributes": {
            "available_maintenance_versions": [],
            "clone": [],
            "connection_name": "artful-patrol-377201:us-east4:luxxy-covid-testing-system-database-instance-en",
            "database_version": "MYSQL_5_7",
            "deletion_protection": false,
            "encryption_key_name": null,
            "first_ip_address": "34.150.131.198",
            "id": "luxxy-covid-testing-system-database-instance-en",
            "instance_type": "CLOUD_SQL_INSTANCE",
            "ip_address": [
              {
                "ip_address": "34.150.131.198",
                "time_to_retire": "",
                "type": "PRIMARY"
              },
              {
                "ip_address": "10.91.240.3",
                "time_to_retire": "",
                "type": "PRIVATE"
              }
            ],
            "maintenance_version": "MYSQL_5_7_39.R20221108.00_03",
            "master_instance_name": "",
            "name": "luxxy-covid-testing-system-database-instance-en",
            "private_ip_address": "10.91.240.3",
            "project": "artful-patrol-377201",
            "public_ip_address": "34.150.131.198",
            "region": "us-east4",
            "replica_configuration": [],
            "restore_backup_context": [],
            "root_password": null,
            "self_link": "https://sqladmin.googleapis.com/sql/v1beta4/projects/artful-patrol-377201/instances/luxxy-covid-testing-system-database-instance-en",
            "server_ca_cert": [
              {
                "cert": "-----BEGIN CERTIFICATE-----\nMIIDfzCCAmegAwIBAgIBADANBgkqhkiG9w0BAQsFADB3MS0wKwYDVQQuEyQ4MmNh\nMmM1YS05MGUyLTRiNjQtOWNhYS0yNWIzYjYzMTViMmMxIzAhBgNVBAMTGkdvb2ds\nZSBDbG91ZCBTUUwgU2VydmVyIENBMRQwEgYDVQQKEwtHb29nbGUsIEluYzELMAkG\nA1UEBhMCVVMwHhcNMjMwMjA4MTcxOTQyWhcNMzMwMjA1MTcyMDQyWjB3MS0wKwYD\nVQQuEyQ4MmNhMmM1YS05MGUyLTRiNjQtOWNhYS0yNWIzYjYzMTViMmMxIzAhBgNV\nBAMTGkdvb2dsZSBDbG91ZCBTUUwgU2VydmVyIENBMRQwEgYDVQQKEwtHb29nbGUs\nIEluYzELMAkGA1UEBhMCVVMwggEiMA0GCSqGSIb3DQEBAQUAA4IBDwAwggEKAoIB\nAQCbPu+3g2zl8nveSwGTWfPcz/0lB/cjwyGXBB05+Lzv6i2C4ozqU1xSMxh+ZA3V\nUU6huIoA4lTNj4CSv7hw98CB0WpqJ8cvNd0l4OabTP/xF+caekSXcc0s+1SZJgkz\ne/72n5hdAwIJgeNLMPIRCGqBf5ay3VdxU4i5UCzE7e8M55/rn9Vi95VEyGO0d9eG\ngMYcffKWTwQpA5Mcg/0jNt26hhe2gn/TR6VyQTCfB7KROcOkutc07mlKkqmmeCTO\n2phLc9sSfId0TaidFUDRdrKwQ77oP9kXb61MoeMtwy1l+I6NJpC0zEhSSzx0R7Bo\nwzEgoCUC8GzZB3MdoWi/o6N/AgMBAAGjFjAUMBIGA1UdEwEB/wQIMAYBAf8CAQAw\nDQYJKoZIhvcNAQELBQADggEBACqKtiVzrDu2ba3PiSbA77CJlCJQtlyV8GqRrWLx\n+eeaAMW0jIFuPkPHdk8YuwSNXjtMztdZlhoYMvtm/HncH/CQ9+PHgdSmS6H+TA0f\nZ156wE5bHuJUQhqte12uesBhiqWgsZ/UoimPfb3/Uz+uziAE0XfieaLp8sF6KtWj\nMK1PYbVWEWzwYttZWE1KNCzEhZjiWh4SBv/KRHCivFCDlv6Ikfy4pyd4sW8WEP8u\nn4No3JLwdQYqAk0fMsL3x68DCwqgM94qjfTyPYKWEcKmHiHCPS55R1DlixlSvCqU\nsO2z1/4kp79EN/A8ORc8T5bPfZMyIOnTs2vR5zGVzPonFnc=\n-----END CERTIFICATE-----",
                "common_name": "C=US,O=Google\\, Inc,CN=Google Cloud SQL Server CA,dnQualifier=82ca2c5a-90e2-4b64-9caa-25b3b6315b2c",
                "create_time": "2023-02-08T17:19:42.676Z",
                "expiration_time": "2033-02-05T17:20:42.676Z",
                "sha1_fingerprint": "812df7c27cf8758651add809b23bca31c7f6bf7c"
              }
            ],
            "service_account_email_address": "p488494122876-o0v1be@gcp-sa-cloud-sql.iam.gserviceaccount.com",
            "settings": [
              {
                "activation_policy": "ALWAYS",
                "active_directory_config": [],
                "availability_type": "ZONAL",
                "backup_configuration": [
                  {
                    "backup_retention_settings": [
                      {
                        "retained_backups": 7,
                        "retention_unit": "COUNT"
                      }
                    ],
                    "binary_log_enabled": false,
                    "enabled": false,
                    "location": "",
                    "point_in_time_recovery_enabled": false,
                    "start_time": "05:00",
                    "transaction_log_retention_days": 7
                  }
                ],
                "collation": "",
                "connector_enforcement": "NOT_REQUIRED",
                "database_flags": [],
                "deletion_protection_enabled": false,
                "deny_maintenance_period": [],
                "disk_autoresize": true,
                "disk_autoresize_limit": 0,
                "disk_size": 10,
                "disk_type": "PD_SSD",
                "insights_config": [],
                "ip_configuration": [
                  {
                    "allocated_ip_range": "",
                    "authorized_networks": [
                      {
                        "expiration_time": "",
                        "name": "Public Access (For testing purposes only)",
                        "value": "0.0.0.0/0"
                      }
                    ],
                    "ipv4_enabled": true,
                    "private_network": "projects/artful-patrol-377201/global/networks/default",
                    "require_ssl": false
                  }
                ],
                "location_preference": [
                  {
                    "follow_gae_application": "",
                    "secondary_zone": "",
                    "zone": "us-east4-a"
                  }
                ],
                "maintenance_window": [],
                "password_validation_policy": [],
                "pricing_plan": "PER_USE",
                "sql_server_audit_config": [],
                "tier": "db-f1-micro",
                "time_zone": "",
                "user_labels": {},
                "version": 8
              }
            ],
            "timeouts": null
          },
          "sensitive_attributes": [],
          "private": "eyJlMmJmYjczMC1lY2FhLTExZTYtOGY4OC0zNDM2M2JjN2M0YzAiOnsiY3JlYXRlIjoyNDAwMDAwMDAwMDAwLCJkZWxldGUiOjE4MDAwMDAwMDAwMDAsInVwZGF0ZSI6MTgwMDAwMDAwMDAwMH19"
        }
      ]
    }
  ],
  "check_results": null
}
